
Microsoft Visual Studio Solution File, Format Version 12.00
# Visual Studio 15
VisualStudioVersion = 15.0.28307.168
MinimumVisualStudioVersion = 10.0.40219.1
Project("{FAE04EC0-301F-11D3-BF4B-00C04F79EFBC}") = "ContentApi", "ContentApi\ContentApi.csproj", "{5C9EFCB5-FDAD-45F9-8913-B25D4467389E}"
EndProject
Project("{FAE04EC0-301F-11D3-BF4B-00C04F79EFBC}") = "ContentApiTests", "ContentApiTests\ContentApiTests.csproj", "{7BDBAF3B-EC45-4507-A2F1-AC8757EAFA72}"
EndProject
Global
	GlobalSection(SolutionConfigurationPlatforms) = preSolution
		Debug|Any CPU = Debug|Any CPU
		Release|Any CPU = Release|Any CPU
	EndGlobalSection
	GlobalSection(ProjectConfigurationPlatforms) = postSolution
		{5C9EFCB5-FDAD-45F9-8913-B25D4467389E}.Debug|Any CPU.ActiveCfg = Debug|Any CPU
		{5C9EFCB5-FDAD-45F9-8913-B25D4467389E}.Debug|Any CPU.Build.0 = Debug|Any CPU
		{5C9EFCB5-FDAD-45F9-8913-B25D4467389E}.Release|Any CPU.ActiveCfg = Release|Any CPU
		{5C9EFCB5-FDAD-45F9-8913-B25D4467389E}.Release|Any CPU.Build.0 = Release|Any CPU
		{7BDBAF3B-EC45-4507-A2F1-AC8757EAFA72}.Debug|Any CPU.ActiveCfg = Debug|Any CPU
		{7BDBAF3B-EC45-4507-A2F1-AC8757EAFA72}.Debug|Any CPU.Build.0 = Debug|Any CPU
		{7BDBAF3B-EC45-4507-A2F1-AC8757EAFA72}.Release|Any CPU.ActiveCfg = Release|Any CPU
		{7BDBAF3B-EC45-4507-A2F1-AC8757EAFA72}.Release|Any CPU.Build.0 = Release|Any CPU
	EndGlobalSection
	GlobalSection(SolutionProperties) = preSolution
		HideSolutionNode = FALSE
	EndGlobalSection
	GlobalSection(ExtensibilityGlobals) = postSolution
		SolutionGuid = {1B31D327-A2B1-48BE-B467-2CEA890FB6B7}
	EndGlobalSection
EndGlobal
